
Microsoft Visual Studio Solution File, Format Version 12.00
# Visual Studio Version 17
VisualStudioVersion = 17.2.32519.379
MinimumVisualStudioVersion = 10.0.40219.1
Project("{FAE04EC0-301F-11D3-BF4B-00C04F79EFBC}") = "BoardgameRoulette", "BoardgameRoulette\BoardgameRoulette.csproj", "{89D321D7-7CA1-44C9-97DA-77D6988622EB}"
EndProject
Global
	GlobalSection(SolutionConfigurationPlatforms) = preSolution
		Debug|Any CPU = Debug|Any CPU
		Release|Any CPU = Release|Any CPU
	EndGlobalSection
	GlobalSection(ProjectConfigurationPlatforms) = postSolution
		{89D321D7-7CA1-44C9-97DA-77D6988622EB}.Debug|Any CPU.ActiveCfg = Debug|Any CPU
		{89D321D7-7CA1-44C9-97DA-77D6988622EB}.Debug|Any CPU.Build.0 = Debug|Any CPU
		{89D321D7-7CA1-44C9-97DA-77D6988622EB}.Release|Any CPU.ActiveCfg = Release|Any CPU
		{89D321D7-7CA1-44C9-97DA-77D6988622EB}.Release|Any CPU.Build.0 = Release|Any CPU
	EndGlobalSection
	GlobalSection(SolutionProperties) = preSolution
		HideSolutionNode = FALSE
	EndGlobalSection
	GlobalSection(ExtensibilityGlobals) = postSolution
		SolutionGuid = {3C514F04-601C-4F8C-9535-72D16DD22589}
	EndGlobalSection
EndGlobal
